// !$*UTF8*$!
{
	archiveVersion = 1;
	classes = {
	};
	objectVersion = 50;
	objects = {

/* Begin PBXBuildFile section */
		94C757EAB6C77A2B52FC7E70 /* libPods-LDA.a in Frameworks */ = {isa = PBXBuildFile; fileRef = 71D69D6543F714AD3B61EF4D /* libPods-LDA.a */; };
		D0002E2C20D802A800460168 /* LanguageCell.m in Sources */ = {isa = PBXBuildFile; fileRef = D0002E2B20D802A800460168 /* LanguageCell.m */; };
		D0002E3A20D82CE900460168 /* Localizable.strings in Resources */ = {isa = PBXBuildFile; fileRef = D0002E3820D82CE900460168 /* Localizable.strings */; };
		D0002E4120D8307A00460168 /* OneWayRoundView.xib in Resources */ = {isa = PBXBuildFile; fileRef = D0002E4320D8307A00460168 /* OneWayRoundView.xib */; };
		D00355A120C76B6900674FEB /* MultipleStopView.xib in Resources */ = {isa = PBXBuildFile; fileRef = D00355A020C76B6900674FEB /* MultipleStopView.xib */; };
		D00355A420C76B8400674FEB /* MultipleStopView.m in Sources */ = {isa = PBXBuildFile; fileRef = D00355A320C76B8400674FEB /* MultipleStopView.m */; };
		D00355AA20C774C100674FEB /* MultipleStopTVC.m in Sources */ = {isa = PBXBuildFile; fileRef = D00355A820C774C100674FEB /* MultipleStopTVC.m */; };
		D00355AB20C774C100674FEB /* MultipleStopTVC.xib in Resources */ = {isa = PBXBuildFile; fileRef = D00355A920C774C100674FEB /* MultipleStopTVC.xib */; };
		D0052B0020CA3BED007332C8 /* FlexibilityView.m in Sources */ = {isa = PBXBuildFile; fileRef = D0052AFF20CA3BED007332C8 /* FlexibilityView.m */; };
		D0052B0220CA3BFD007332C8 /* FlexibilityView.xib in Resources */ = {isa = PBXBuildFile; fileRef = D0052B0120CA3BFD007332C8 /* FlexibilityView.xib */; };
		D018C4D920C61E1500DD91C3 /* roboto_medium.ttf in Resources */ = {isa = PBXBuildFile; fileRef = D018C4CD20C61E1100DD91C3 /* roboto_medium.ttf */; };
		D018C4DA20C61E1500DD91C3 /* roboto_thinitalic.ttf in Resources */ = {isa = PBXBuildFile; fileRef = D018C4CE20C61E1200DD91C3 /* roboto_thinitalic.ttf */; };
		D018C4DB20C61E1500DD91C3 /* roboto_blackitalic.ttf in Resources */ = {isa = PBXBuildFile; fileRef = D018C4CF20C61E1200DD91C3 /* roboto_blackitalic.ttf */; };
		D018C4DC20C61E1500DD91C3 /* roboto_black.ttf in Resources */ = {isa = PBXBuildFile; fileRef = D018C4D020C61E1300DD91C3 /* roboto_black.ttf */; };
		D018C4DD20C61E1500DD91C3 /* roboto_light.ttf in Resources */ = {isa = PBXBuildFile; fileRef = D018C4D120C61E1300DD91C3 /* roboto_light.ttf */; };
		D018C4DE20C61E1500DD91C3 /* roboto_bolditalic.ttf in Resources */ = {isa = PBXBuildFile; fileRef = D018C4D220C61E1300DD91C3 /* roboto_bolditalic.ttf */; };
		D018C4DF20C61E1500DD91C3 /* roboto_mediumitalic.ttf in Resources */ = {isa = PBXBuildFile; fileRef = D018C4D320C61E1400DD91C3 /* roboto_mediumitalic.ttf */; };
		D018C4E020C61E1500DD91C3 /* roboto_regular.ttf in Resources */ = {isa = PBXBuildFile; fileRef = D018C4D420C61E1400DD91C3 /* roboto_regular.ttf */; };
		D018C4E120C61E1500DD91C3 /* roboto_italic.ttf in Resources */ = {isa = PBXBuildFile; fileRef = D018C4D520C61E1400DD91C3 /* roboto_italic.ttf */; };
		D018C4E220C61E1500DD91C3 /* roboto_lightitalic.ttf in Resources */ = {isa = PBXBuildFile; fileRef = D018C4D620C61E1400DD91C3 /* roboto_lightitalic.ttf */; };
		D018C4E320C61E1500DD91C3 /* roboto_thin.ttf in Resources */ = {isa = PBXBuildFile; fileRef = D018C4D720C61E1500DD91C3 /* roboto_thin.ttf */; };
		D018C4E420C61E1500DD91C3 /* roboto_bold.ttf in Resources */ = {isa = PBXBuildFile; fileRef = D018C4D820C61E1500DD91C3 /* roboto_bold.ttf */; };
		D057CCC020BDCCAD00C1F9F2 /* AppDelegate.m in Sources */ = {isa = PBXBuildFile; fileRef = D057CCBF20BDCCAD00C1F9F2 /* AppDelegate.m */; };
		D057CCC620BDCCAD00C1F9F2 /* Main.storyboard in Resources */ = {isa = PBXBuildFile; fileRef = D057CCC420BDCCAD00C1F9F2 /* Main.storyboard */; };
		D057CCC920BDCCAD00C1F9F2 /* LDA.xcdatamodeld in Sources */ = {isa = PBXBuildFile; fileRef = D057CCC720BDCCAD00C1F9F2 /* LDA.xcdatamodeld */; };
		D057CCCB20BDCCAF00C1F9F2 /* Assets.xcassets in Resources */ = {isa = PBXBuildFile; fileRef = D057CCCA20BDCCAF00C1F9F2 /* Assets.xcassets */; };
		D057CCCE20BDCCAF00C1F9F2 /* LaunchScreen.storyboard in Resources */ = {isa = PBXBuildFile; fileRef = D057CCCC20BDCCAF00C1F9F2 /* LaunchScreen.storyboard */; };
		D057CCD120BDCCAF00C1F9F2 /* main.m in Sources */ = {isa = PBXBuildFile; fileRef = D057CCD020BDCCAF00C1F9F2 /* main.m */; };
		D0BE519320C6D8060072EEA9 /* OneWayRoundView.m in Sources */ = {isa = PBXBuildFile; fileRef = D0BE519220C6D8060072EEA9 /* OneWayRoundView.m */; };
		D0BE51A920C703350072EEA9 /* NetworkHandler.m in Sources */ = {isa = PBXBuildFile; fileRef = D0BE519F20C703340072EEA9 /* NetworkHandler.m */; };
		D0BE51AA20C703350072EEA9 /* Reachability.m in Sources */ = {isa = PBXBuildFile; fileRef = D0BE51A220C703340072EEA9 /* Reachability.m */; };
		D0BE51AB20C703350072EEA9 /* RequestBodyGenerator.m in Sources */ = {isa = PBXBuildFile; fileRef = D0BE51A420C703340072EEA9 /* RequestBodyGenerator.m */; };
		D0BE51AC20C703350072EEA9 /* ResponseHandler.m in Sources */ = {isa = PBXBuildFile; fileRef = D0BE51A620C703340072EEA9 /* ResponseHandler.m */; };
		D0BE51AD20C703350072EEA9 /* UrlGenerator.m in Sources */ = {isa = PBXBuildFile; fileRef = D0BE51A820C703340072EEA9 /* UrlGenerator.m */; };
		D0BE51B520C704020072EEA9 /* NSArray+Custom.m in Sources */ = {isa = PBXBuildFile; fileRef = D0BE51B020C704020072EEA9 /* NSArray+Custom.m */; };
		D0BE51B620C704020072EEA9 /* NSString+Extension.m in Sources */ = {isa = PBXBuildFile; fileRef = D0BE51B220C704020072EEA9 /* NSString+Extension.m */; };
		D0BE51B720C704020072EEA9 /* UIView+CLAdditions.m in Sources */ = {isa = PBXBuildFile; fileRef = D0BE51B420C704020072EEA9 /* UIView+CLAdditions.m */; };
		D0F0AF7920CC9745006D8BCA /* SearchTVC.m in Sources */ = {isa = PBXBuildFile; fileRef = D0F0AF7820CC9745006D8BCA /* SearchTVC.m */; };
		D0F0AF8020CCA344006D8BCA /* FlexiblityCVC.m in Sources */ = {isa = PBXBuildFile; fileRef = D0F0AF7E20CCA344006D8BCA /* FlexiblityCVC.m */; };
		D0F0AF8120CCA344006D8BCA /* FlexiblityCVC.xib in Resources */ = {isa = PBXBuildFile; fileRef = D0F0AF7F20CCA344006D8BCA /* FlexiblityCVC.xib */; };
		D0F0AF8720CCB1B4006D8BCA /* SplashVC.m in Sources */ = {isa = PBXBuildFile; fileRef = D0F0AF8620CCB1B4006D8BCA /* SplashVC.m */; };
		D0F0AF8920CCB951006D8BCA /* splash.gif in Resources */ = {isa = PBXBuildFile; fileRef = D0F0AF8820CCB951006D8BCA /* splash.gif */; };
		D0F10F1D20C929950095E68D /* PassengerDetailsVC.m in Sources */ = {isa = PBXBuildFile; fileRef = D0F10F1220C929940095E68D /* PassengerDetailsVC.m */; };
		D0F10F1E20C929950095E68D /* SearchVC.m in Sources */ = {isa = PBXBuildFile; fileRef = D0F10F1620C929950095E68D /* SearchVC.m */; };
		D0F10F1F20C929950095E68D /* BaseViewController.m in Sources */ = {isa = PBXBuildFile; fileRef = D0F10F1920C929950095E68D /* BaseViewController.m */; };
		D0F10F2020C929950095E68D /* HomeViewController.m in Sources */ = {isa = PBXBuildFile; fileRef = D0F10F1C20C929950095E68D /* HomeViewController.m */; };
		D0F10F2920C92B110095E68D /* WebViewVC.m in Sources */ = {isa = PBXBuildFile; fileRef = D0F10F2820C92B110095E68D /* WebViewVC.m */; };
/* End PBXBuildFile section */

/* Begin PBXFileReference section */
		50BF2D547272FFE6B19D7068 /* Pods-LDA.debug.xcconfig */ = {isa = PBXFileReference; includeInIndex = 1; lastKnownFileType = text.xcconfig; name = "Pods-LDA.debug.xcconfig"; path = "Pods/Target Support Files/Pods-LDA/Pods-LDA.debug.xcconfig"; sourceTree = "<group>"; };
		71D69D6543F714AD3B61EF4D /* libPods-LDA.a */ = {isa = PBXFileReference; explicitFileType = archive.ar; includeInIndex = 0; path = "libPods-LDA.a"; sourceTree = BUILT_PRODUCTS_DIR; };
		84D2A3CE6B7A5E91E0B3E502 /* Pods-LDA.release.xcconfig */ = {isa = PBXFileReference; includeInIndex = 1; lastKnownFileType = text.xcconfig; name = "Pods-LDA.release.xcconfig"; path = "Pods/Target Support Files/Pods-LDA/Pods-LDA.release.xcconfig"; sourceTree = "<group>"; };
		D0002E2720D78E5A00460168 /* fr */ = {isa = PBXFileReference; lastKnownFileType = text.plist.strings; name = fr; path = fr.lproj/Main.strings; sourceTree = "<group>"; };
		D0002E2820D78E5A00460168 /* fr */ = {isa = PBXFileReference; lastKnownFileType = text.plist.strings; name = fr; path = fr.lproj/LaunchScreen.strings; sourceTree = "<group>"; };
		D0002E2A20D802A800460168 /* LanguageCell.h */ = {isa = PBXFileReference; lastKnownFileType = sourcecode.c.h; path = LanguageCell.h; sourceTree = "<group>"; };
		D0002E2B20D802A800460168 /* LanguageCell.m */ = {isa = PBXFileReference; lastKnownFileType = sourcecode.c.objc; path = LanguageCell.m; sourceTree = "<group>"; };
		D0002E2E20D8213D00460168 /* ar */ = {isa = PBXFileReference; lastKnownFileType = text.plist.strings; name = ar; path = ar.lproj/Main.strings; sourceTree = "<group>"; };
		D0002E2F20D8213E00460168 /* ar */ = {isa = PBXFileReference; lastKnownFileType = text.plist.strings; name = ar; path = ar.lproj/LaunchScreen.strings; sourceTree = "<group>"; };
		D0002E3020D8217100460168 /* zh-Hans */ = {isa = PBXFileReference; lastKnownFileType = text.plist.strings; name = "zh-Hans"; path = "zh-Hans.lproj/Main.strings"; sourceTree = "<group>"; };
		D0002E3120D8217100460168 /* zh-Hans */ = {isa = PBXFileReference; lastKnownFileType = text.plist.strings; name = "zh-Hans"; path = "zh-Hans.lproj/LaunchScreen.strings"; sourceTree = "<group>"; };
		D0002E3220D8217D00460168 /* de */ = {isa = PBXFileReference; lastKnownFileType = text.plist.strings; name = de; path = de.lproj/Main.strings; sourceTree = "<group>"; };
		D0002E3320D8217D00460168 /* de */ = {isa = PBXFileReference; lastKnownFileType = text.plist.strings; name = de; path = de.lproj/LaunchScreen.strings; sourceTree = "<group>"; };
		D0002E3420D8218500460168 /* ru */ = {isa = PBXFileReference; lastKnownFileType = text.plist.strings; name = ru; path = ru.lproj/Main.strings; sourceTree = "<group>"; };
		D0002E3520D8218500460168 /* ru */ = {isa = PBXFileReference; lastKnownFileType = text.plist.strings; name = ru; path = ru.lproj/LaunchScreen.strings; sourceTree = "<group>"; };
		D0002E3620D8218F00460168 /* es */ = {isa = PBXFileReference; lastKnownFileType = text.plist.strings; name = es; path = es.lproj/Main.strings; sourceTree = "<group>"; };
		D0002E3720D8218F00460168 /* es */ = {isa = PBXFileReference; lastKnownFileType = text.plist.strings; name = es; path = es.lproj/LaunchScreen.strings; sourceTree = "<group>"; };
		D0002E3B20D82CFB00460168 /* en */ = {isa = PBXFileReference; lastKnownFileType = text.plist.strings; name = en; path = ../en.lproj/Localizable.strings; sourceTree = "<group>"; };
		D0002E3C20D82D0400460168 /* ar */ = {isa = PBXFileReference; lastKnownFileType = text.plist.strings; name = ar; path = ../ar.lproj/Localizable.strings; sourceTree = "<group>"; };
		D0002E3D20D82D0500460168 /* fr */ = {isa = PBXFileReference; lastKnownFileType = text.plist.strings; name = fr; path = ../fr.lproj/Localizable.strings; sourceTree = "<group>"; };
		D0002E3E20D82D0600460168 /* zh-Hans */ = {isa = PBXFileReference; lastKnownFileType = text.plist.strings; name = "zh-Hans"; path = "../zh-Hans.lproj/Localizable.strings"; sourceTree = "<group>"; };
		D0002E3F20D82D0700460168 /* de */ = {isa = PBXFileReference; lastKnownFileType = text.plist.strings; name = de; path = ../de.lproj/Localizable.strings; sourceTree = "<group>"; };
		D0002E4020D82D0800460168 /* ru */ = {isa = PBXFileReference; lastKnownFileType = text.plist.strings; name = ru; path = ../ru.lproj/Localizable.strings; sourceTree = "<group>"; };
		D0002E5020D8318900460168 /* es */ = {isa = PBXFileReference; lastKnownFileType = text.plist.strings; name = es; path = ../es.lproj/Localizable.strings; sourceTree = "<group>"; };
		D0002E5120D831E300460168 /* Base */ = {isa = PBXFileReference; lastKnownFileType = text.plist.strings; name = Base; path = ../Base.lproj/Localizable.strings; sourceTree = "<group>"; };
		D00355A020C76B6900674FEB /* MultipleStopView.xib */ = {isa = PBXFileReference; lastKnownFileType = file.xib; path = MultipleStopView.xib; sourceTree = "<group>"; };
		D00355A220C76B8400674FEB /* MultipleStopView.h */ = {isa = PBXFileReference; lastKnownFileType = sourcecode.c.h; path = MultipleStopView.h; sourceTree = "<group>"; };
		D00355A320C76B8400674FEB /* MultipleStopView.m */ = {isa = PBXFileReference; lastKnownFileType = sourcecode.c.objc; path = MultipleStopView.m; sourceTree = "<group>"; };
		D00355A720C774C100674FEB /* MultipleStopTVC.h */ = {isa = PBXFileReference; lastKnownFileType = sourcecode.c.h; path = MultipleStopTVC.h; sourceTree = "<group>"; };
		D00355A820C774C100674FEB /* MultipleStopTVC.m */ = {isa = PBXFileReference; lastKnownFileType = sourcecode.c.objc; path = MultipleStopTVC.m; sourceTree = "<group>"; };
		D00355A920C774C100674FEB /* MultipleStopTVC.xib */ = {isa = PBXFileReference; lastKnownFileType = file.xib; path = MultipleStopTVC.xib; sourceTree = "<group>"; };
		D0052AFE20CA3BED007332C8 /* FlexibilityView.h */ = {isa = PBXFileReference; lastKnownFileType = sourcecode.c.h; path = FlexibilityView.h; sourceTree = "<group>"; };
		D0052AFF20CA3BED007332C8 /* FlexibilityView.m */ = {isa = PBXFileReference; lastKnownFileType = sourcecode.c.objc; path = FlexibilityView.m; sourceTree = "<group>"; };
		D0052B0120CA3BFD007332C8 /* FlexibilityView.xib */ = {isa = PBXFileReference; lastKnownFileType = file.xib; path = FlexibilityView.xib; sourceTree = "<group>"; };
		D018C4AD20C61CD600DD91C3 /* Constants.h */ = {isa = PBXFileReference; fileEncoding = 4; lastKnownFileType = sourcecode.c.h; path = Constants.h; sourceTree = "<group>"; };
		D018C4CD20C61E1100DD91C3 /* roboto_medium.ttf */ = {isa = PBXFileReference; lastKnownFileType = file; path = roboto_medium.ttf; sourceTree = "<group>"; };
		D018C4CE20C61E1200DD91C3 /* roboto_thinitalic.ttf */ = {isa = PBXFileReference; lastKnownFileType = file; path = roboto_thinitalic.ttf; sourceTree = "<group>"; };
		D018C4CF20C61E1200DD91C3 /* roboto_blackitalic.ttf */ = {isa = PBXFileReference; lastKnownFileType = file; path = roboto_blackitalic.ttf; sourceTree = "<group>"; };
		D018C4D020C61E1300DD91C3 /* roboto_black.ttf */ = {isa = PBXFileReference; lastKnownFileType = file; path = roboto_black.ttf; sourceTree = "<group>"; };
		D018C4D120C61E1300DD91C3 /* roboto_light.ttf */ = {isa = PBXFileReference; lastKnownFileType = file; path = roboto_light.ttf; sourceTree = "<group>"; };
		D018C4D220C61E1300DD91C3 /* roboto_bolditalic.ttf */ = {isa = PBXFileReference; lastKnownFileType = file; path = roboto_bolditalic.ttf; sourceTree = "<group>"; };
		D018C4D320C61E1400DD91C3 /* roboto_mediumitalic.ttf */ = {isa = PBXFileReference; lastKnownFileType = file; path = roboto_mediumitalic.ttf; sourceTree = "<group>"; };
		D018C4D420C61E1400DD91C3 /* roboto_regular.ttf */ = {isa = PBXFileReference; lastKnownFileType = file; path = roboto_regular.ttf; sourceTree = "<group>"; };
		D018C4D520C61E1400DD91C3 /* roboto_italic.ttf */ = {isa = PBXFileReference; lastKnownFileType = file; path = roboto_italic.ttf; sourceTree = "<group>"; };
		D018C4D620C61E1400DD91C3 /* roboto_lightitalic.ttf */ = {isa = PBXFileReference; lastKnownFileType = file; path = roboto_lightitalic.ttf; sourceTree = "<group>"; };
		D018C4D720C61E1500DD91C3 /* roboto_thin.ttf */ = {isa = PBXFileReference; lastKnownFileType = file; path = roboto_thin.ttf; sourceTree = "<group>"; };
		D018C4D820C61E1500DD91C3 /* roboto_bold.ttf */ = {isa = PBXFileReference; lastKnownFileType = file; path = roboto_bold.ttf; sourceTree = "<group>"; };
		D057CCBB20BDCCAD00C1F9F2 /* LDA.app */ = {isa = PBXFileReference; explicitFileType = wrapper.application; includeInIndex = 0; path = LDA.app; sourceTree = BUILT_PRODUCTS_DIR; };
		D057CCBE20BDCCAD00C1F9F2 /* AppDelegate.h */ = {isa = PBXFileReference; lastKnownFileType = sourcecode.c.h; path = AppDelegate.h; sourceTree = "<group>"; };
		D057CCBF20BDCCAD00C1F9F2 /* AppDelegate.m */ = {isa = PBXFileReference; lastKnownFileType = sourcecode.c.objc; path = AppDelegate.m; sourceTree = "<group>"; };
		D057CCC520BDCCAD00C1F9F2 /* Base */ = {isa = PBXFileReference; lastKnownFileType = file.storyboard; name = Base; path = Base.lproj/Main.storyboard; sourceTree = "<group>"; };
		D057CCC820BDCCAD00C1F9F2 /* LDA.xcdatamodel */ = {isa = PBXFileReference; lastKnownFileType = wrapper.xcdatamodel; path = LDA.xcdatamodel; sourceTree = "<group>"; };
		D057CCCA20BDCCAF00C1F9F2 /* Assets.xcassets */ = {isa = PBXFileReference; lastKnownFileType = folder.assetcatalog; path = Assets.xcassets; sourceTree = "<group>"; };
		D057CCCD20BDCCAF00C1F9F2 /* Base */ = {isa = PBXFileReference; lastKnownFileType = file.storyboard; name = Base; path = Base.lproj/LaunchScreen.storyboard; sourceTree = "<group>"; };
		D057CCCF20BDCCAF00C1F9F2 /* Info.plist */ = {isa = PBXFileReference; lastKnownFileType = text.plist.xml; path = Info.plist; sourceTree = "<group>"; };
		D057CCD020BDCCAF00C1F9F2 /* main.m */ = {isa = PBXFileReference; lastKnownFileType = sourcecode.c.objc; path = main.m; sourceTree = "<group>"; };
		D0BE519120C6D8060072EEA9 /* OneWayRoundView.h */ = {isa = PBXFileReference; lastKnownFileType = sourcecode.c.h; path = OneWayRoundView.h; sourceTree = "<group>"; };
		D0BE519220C6D8060072EEA9 /* OneWayRoundView.m */ = {isa = PBXFileReference; lastKnownFileType = sourcecode.c.objc; path = OneWayRoundView.m; sourceTree = "<group>"; };
		D0BE519E20C703340072EEA9 /* NetworkHandler.h */ = {isa = PBXFileReference; fileEncoding = 4; lastKnownFileType = sourcecode.c.h; path = NetworkHandler.h; sourceTree = "<group>"; };
		D0BE519F20C703340072EEA9 /* NetworkHandler.m */ = {isa = PBXFileReference; fileEncoding = 4; lastKnownFileType = sourcecode.c.objc; path = NetworkHandler.m; sourceTree = "<group>"; };
		D0BE51A120C703340072EEA9 /* Reachability.h */ = {isa = PBXFileReference; fileEncoding = 4; lastKnownFileType = sourcecode.c.h; path = Reachability.h; sourceTree = "<group>"; };
		D0BE51A220C703340072EEA9 /* Reachability.m */ = {isa = PBXFileReference; fileEncoding = 4; lastKnownFileType = sourcecode.c.objc; path = Reachability.m; sourceTree = "<group>"; };
		D0BE51A320C703340072EEA9 /* RequestBodyGenerator.h */ = {isa = PBXFileReference; fileEncoding = 4; lastKnownFileType = sourcecode.c.h; path = RequestBodyGenerator.h; sourceTree = "<group>"; };
		D0BE51A420C703340072EEA9 /* RequestBodyGenerator.m */ = {isa = PBXFileReference; fileEncoding = 4; lastKnownFileType = sourcecode.c.objc; path = RequestBodyGenerator.m; sourceTree = "<group>"; };
		D0BE51A520C703340072EEA9 /* ResponseHandler.h */ = {isa = PBXFileReference; fileEncoding = 4; lastKnownFileType = sourcecode.c.h; path = ResponseHandler.h; sourceTree = "<group>"; };
		D0BE51A620C703340072EEA9 /* ResponseHandler.m */ = {isa = PBXFileReference; fileEncoding = 4; lastKnownFileType = sourcecode.c.objc; path = ResponseHandler.m; sourceTree = "<group>"; };
		D0BE51A720C703340072EEA9 /* UrlGenerator.h */ = {isa = PBXFileReference; fileEncoding = 4; lastKnownFileType = sourcecode.c.h; path = UrlGenerator.h; sourceTree = "<group>"; };
		D0BE51A820C703340072EEA9 /* UrlGenerator.m */ = {isa = PBXFileReference; fileEncoding = 4; lastKnownFileType = sourcecode.c.objc; path = UrlGenerator.m; sourceTree = "<group>"; };
		D0BE51AF20C704020072EEA9 /* NSArray+Custom.h */ = {isa = PBXFileReference; fileEncoding = 4; lastKnownFileType = sourcecode.c.h; path = "NSArray+Custom.h"; sourceTree = "<group>"; };
		D0BE51B020C704020072EEA9 /* NSArray+Custom.m */ = {isa = PBXFileReference; fileEncoding = 4; lastKnownFileType = sourcecode.c.objc; path = "NSArray+Custom.m"; sourceTree = "<group>"; };
		D0BE51B120C704020072EEA9 /* NSString+Extension.h */ = {isa = PBXFileReference; fileEncoding = 4; lastKnownFileType = sourcecode.c.h; path = "NSString+Extension.h"; sourceTree = "<group>"; };
		D0BE51B220C704020072EEA9 /* NSString+Extension.m */ = {isa = PBXFileReference; fileEncoding = 4; lastKnownFileType = sourcecode.c.objc; path = "NSString+Extension.m"; sourceTree = "<group>"; };
		D0BE51B320C704020072EEA9 /* UIView+CLAdditions.h */ = {isa = PBXFileReference; fileEncoding = 4; lastKnownFileType = sourcecode.c.h; path = "UIView+CLAdditions.h"; sourceTree = "<group>"; };
		D0BE51B420C704020072EEA9 /* UIView+CLAdditions.m */ = {isa = PBXFileReference; fileEncoding = 4; lastKnownFileType = sourcecode.c.objc; path = "UIView+CLAdditions.m"; sourceTree = "<group>"; };
		D0F0AF7720CC9745006D8BCA /* SearchTVC.h */ = {isa = PBXFileReference; lastKnownFileType = sourcecode.c.h; path = SearchTVC.h; sourceTree = "<group>"; };
		D0F0AF7820CC9745006D8BCA /* SearchTVC.m */ = {isa = PBXFileReference; lastKnownFileType = sourcecode.c.objc; path = SearchTVC.m; sourceTree = "<group>"; };
		D0F0AF7D20CCA344006D8BCA /* FlexiblityCVC.h */ = {isa = PBXFileReference; lastKnownFileType = sourcecode.c.h; path = FlexiblityCVC.h; sourceTree = "<group>"; };
		D0F0AF7E20CCA344006D8BCA /* FlexiblityCVC.m */ = {isa = PBXFileReference; lastKnownFileType = sourcecode.c.objc; path = FlexiblityCVC.m; sourceTree = "<group>"; };
		D0F0AF7F20CCA344006D8BCA /* FlexiblityCVC.xib */ = {isa = PBXFileReference; lastKnownFileType = file.xib; path = FlexiblityCVC.xib; sourceTree = "<group>"; };
		D0F0AF8520CCB1B4006D8BCA /* SplashVC.h */ = {isa = PBXFileReference; lastKnownFileType = sourcecode.c.h; path = SplashVC.h; sourceTree = "<group>"; };
		D0F0AF8620CCB1B4006D8BCA /* SplashVC.m */ = {isa = PBXFileReference; lastKnownFileType = sourcecode.c.objc; path = SplashVC.m; sourceTree = "<group>"; };
		D0F0AF8820CCB951006D8BCA /* splash.gif */ = {isa = PBXFileReference; lastKnownFileType = image.gif; path = splash.gif; sourceTree = "<group>"; };
		D0F10F1120C929940095E68D /* PassengerDetailsVC.h */ = {isa = PBXFileReference; fileEncoding = 4; lastKnownFileType = sourcecode.c.h; path = PassengerDetailsVC.h; sourceTree = "<group>"; };
		D0F10F1220C929940095E68D /* PassengerDetailsVC.m */ = {isa = PBXFileReference; fileEncoding = 4; lastKnownFileType = sourcecode.c.objc; path = PassengerDetailsVC.m; sourceTree = "<group>"; };
		D0F10F1520C929950095E68D /* SearchVC.h */ = {isa = PBXFileReference; fileEncoding = 4; lastKnownFileType = sourcecode.c.h; path = SearchVC.h; sourceTree = "<group>"; };
		D0F10F1620C929950095E68D /* SearchVC.m */ = {isa = PBXFileReference; fileEncoding = 4; lastKnownFileType = sourcecode.c.objc; path = SearchVC.m; sourceTree = "<group>"; };
		D0F10F1820C929950095E68D /* BaseViewController.h */ = {isa = PBXFileReference; fileEncoding = 4; lastKnownFileType = sourcecode.c.h; path = BaseViewController.h; sourceTree = "<group>"; };
		D0F10F1920C929950095E68D /* BaseViewController.m */ = {isa = PBXFileReference; fileEncoding = 4; lastKnownFileType = sourcecode.c.objc; path = BaseViewController.m; sourceTree = "<group>"; };
		D0F10F1B20C929950095E68D /* HomeViewController.h */ = {isa = PBXFileReference; fileEncoding = 4; lastKnownFileType = sourcecode.c.h; path = HomeViewController.h; sourceTree = "<group>"; };
		D0F10F1C20C929950095E68D /* HomeViewController.m */ = {isa = PBXFileReference; fileEncoding = 4; lastKnownFileType = sourcecode.c.objc; path = HomeViewController.m; sourceTree = "<group>"; };
		D0F10F2720C92B110095E68D /* WebViewVC.h */ = {isa = PBXFileReference; lastKnownFileType = sourcecode.c.h; path = WebViewVC.h; sourceTree = "<group>"; };
		D0F10F2820C92B110095E68D /* WebViewVC.m */ = {isa = PBXFileReference; lastKnownFileType = sourcecode.c.objc; path = WebViewVC.m; sourceTree = "<group>"; };
		D0FCD31D20D8B3E700AA0D90 /* Base */ = {isa = PBXFileReference; lastKnownFileType = file.xib; name = Base; path = Base.lproj/OneWayRoundView.xib; sourceTree = "<group>"; };
/* End PBXFileReference section */

/* Begin PBXFrameworksBuildPhase section */
		D057CCB820BDCCAD00C1F9F2 /* Frameworks */ = {
			isa = PBXFrameworksBuildPhase;
			buildActionMask = 2147483647;
			files = (
				94C757EAB6C77A2B52FC7E70 /* libPods-LDA.a in Frameworks */,
			);
			runOnlyForDeploymentPostprocessing = 0;
		};
/* End PBXFrameworksBuildPhase section */

/* Begin PBXGroup section */
		28E8351D76856B0059EE164E /* Frameworks */ = {
			isa = PBXGroup;
			children = (
				71D69D6543F714AD3B61EF4D /* libPods-LDA.a */,
			);
			name = Frameworks;
			sourceTree = "<group>";
		};
		73C3F4C8854925C155C096C3 /* Pods */ = {
			isa = PBXGroup;
			children = (
				50BF2D547272FFE6B19D7068 /* Pods-LDA.debug.xcconfig */,
				84D2A3CE6B7A5E91E0B3E502 /* Pods-LDA.release.xcconfig */,
			);
			name = Pods;
			sourceTree = "<group>";
		};
		D0002E2920D8028E00460168 /* LanguageCell */ = {
			isa = PBXGroup;
			children = (
				D0002E2A20D802A800460168 /* LanguageCell.h */,
				D0002E2B20D802A800460168 /* LanguageCell.m */,
			);
			path = LanguageCell;
			sourceTree = "<group>";
		};
		D00355A620C774A300674FEB /* CustomCells */ = {
			isa = PBXGroup;
			children = (
				D00355A720C774C100674FEB /* MultipleStopTVC.h */,
				D00355A820C774C100674FEB /* MultipleStopTVC.m */,
				D00355A920C774C100674FEB /* MultipleStopTVC.xib */,
			);
			path = CustomCells;
			sourceTree = "<group>";
		};
		D0052AFD20CA3BD0007332C8 /* FlexibilityView */ = {
			isa = PBXGroup;
			children = (
				D0F0AF7C20CCA327006D8BCA /* FlexibilityCell */,
				D0052AFE20CA3BED007332C8 /* FlexibilityView.h */,
				D0052AFF20CA3BED007332C8 /* FlexibilityView.m */,
				D0052B0120CA3BFD007332C8 /* FlexibilityView.xib */,
			);
			path = FlexibilityView;
			sourceTree = "<group>";
		};
		D018C4AB20C61CD400DD91C3 /* Fonts */ = {
			isa = PBXGroup;
			children = (
				D018C4D020C61E1300DD91C3 /* roboto_black.ttf */,
				D018C4CF20C61E1200DD91C3 /* roboto_blackitalic.ttf */,
				D018C4D820C61E1500DD91C3 /* roboto_bold.ttf */,
				D018C4D220C61E1300DD91C3 /* roboto_bolditalic.ttf */,
				D018C4D520C61E1400DD91C3 /* roboto_italic.ttf */,
				D018C4D120C61E1300DD91C3 /* roboto_light.ttf */,
				D018C4D620C61E1400DD91C3 /* roboto_lightitalic.ttf */,
				D018C4CD20C61E1100DD91C3 /* roboto_medium.ttf */,
				D018C4D320C61E1400DD91C3 /* roboto_mediumitalic.ttf */,
				D018C4D420C61E1400DD91C3 /* roboto_regular.ttf */,
				D018C4D720C61E1500DD91C3 /* roboto_thin.ttf */,
				D018C4CE20C61E1200DD91C3 /* roboto_thinitalic.ttf */,
			);
			path = Fonts;
			sourceTree = "<group>";
		};
		D018C4AC20C61CD600DD91C3 /* Helpers */ = {
			isa = PBXGroup;
			children = (
				D0F0AF8820CCB951006D8BCA /* splash.gif */,
				D0BE51AE20C704020072EEA9 /* Categories */,
				D0BE519D20C703340072EEA9 /* NetworkHandler */,
				D018C4AD20C61CD600DD91C3 /* Constants.h */,
			);
			path = Helpers;
			sourceTree = "<group>";
		};
		D018C4AE20C61D1700DD91C3 /* ViewControllers */ = {
			isa = PBXGroup;
			children = (
				D0F0AF8420CCB19A006D8BCA /* SplashVC */,
				D0F10F1720C929950095E68D /* BaseViewController */,
				D0F10F1A20C929950095E68D /* HomeViewController */,
				D0F10F1020C929940095E68D /* PassengerDetailsVC */,
				D0F10F1420C929950095E68D /* SearchVC */,
				D0F10F1320C929950095E68D /* WebViewVC */,
			);
			path = ViewControllers;
			sourceTree = "<group>";
		};
		D057CCB220BDCCAD00C1F9F2 = {
			isa = PBXGroup;
			children = (
				D057CCBD20BDCCAD00C1F9F2 /* LDA */,
				D057CCBC20BDCCAD00C1F9F2 /* Products */,
				73C3F4C8854925C155C096C3 /* Pods */,
				28E8351D76856B0059EE164E /* Frameworks */,
			);
			sourceTree = "<group>";
		};
		D057CCBC20BDCCAD00C1F9F2 /* Products */ = {
			isa = PBXGroup;
			children = (
				D057CCBB20BDCCAD00C1F9F2 /* LDA.app */,
			);
			name = Products;
			sourceTree = "<group>";
		};
		D057CCBD20BDCCAD00C1F9F2 /* LDA */ = {
			isa = PBXGroup;
			children = (
				D00355A620C774A300674FEB /* CustomCells */,
				D0BE518B20C6D7210072EEA9 /* Views */,
				D018C4AE20C61D1700DD91C3 /* ViewControllers */,
				D018C4AB20C61CD400DD91C3 /* Fonts */,
				D0002E3820D82CE900460168 /* Localizable.strings */,
				D018C4AC20C61CD600DD91C3 /* Helpers */,
				D057CCBE20BDCCAD00C1F9F2 /* AppDelegate.h */,
				D057CCBF20BDCCAD00C1F9F2 /* AppDelegate.m */,
				D057CCC420BDCCAD00C1F9F2 /* Main.storyboard */,
				D057CCCA20BDCCAF00C1F9F2 /* Assets.xcassets */,
				D057CCCC20BDCCAF00C1F9F2 /* LaunchScreen.storyboard */,
				D057CCCF20BDCCAF00C1F9F2 /* Info.plist */,
				D057CCD020BDCCAF00C1F9F2 /* main.m */,
				D057CCC720BDCCAD00C1F9F2 /* LDA.xcdatamodeld */,
			);
			path = LDA;
			sourceTree = "<group>";
		};
		D0BE518B20C6D7210072EEA9 /* Views */ = {
			isa = PBXGroup;
			children = (
				D0052AFD20CA3BD0007332C8 /* FlexibilityView */,
				D0BE519020C6D7EC0072EEA9 /* MultipleStop */,
				D0BE518F20C6D7EC0072EEA9 /* OneWayRound */,
			);
			path = Views;
			sourceTree = "<group>";
		};
		D0BE518F20C6D7EC0072EEA9 /* OneWayRound */ = {
			isa = PBXGroup;
			children = (
				D0BE519120C6D8060072EEA9 /* OneWayRoundView.h */,
				D0BE519220C6D8060072EEA9 /* OneWayRoundView.m */,
				D0002E4320D8307A00460168 /* OneWayRoundView.xib */,
			);
			path = OneWayRound;
			sourceTree = "<group>";
		};
		D0BE519020C6D7EC0072EEA9 /* MultipleStop */ = {
			isa = PBXGroup;
			children = (
				D00355A020C76B6900674FEB /* MultipleStopView.xib */,
				D00355A220C76B8400674FEB /* MultipleStopView.h */,
				D00355A320C76B8400674FEB /* MultipleStopView.m */,
			);
			path = MultipleStop;
			sourceTree = "<group>";
		};
		D0BE519D20C703340072EEA9 /* NetworkHandler */ = {
			isa = PBXGroup;
			children = (
				D0BE519E20C703340072EEA9 /* NetworkHandler.h */,
				D0BE519F20C703340072EEA9 /* NetworkHandler.m */,
				D0BE51A020C703340072EEA9 /* Reachability */,
				D0BE51A320C703340072EEA9 /* RequestBodyGenerator.h */,
				D0BE51A420C703340072EEA9 /* RequestBodyGenerator.m */,
				D0BE51A520C703340072EEA9 /* ResponseHandler.h */,
				D0BE51A620C703340072EEA9 /* ResponseHandler.m */,
				D0BE51A720C703340072EEA9 /* UrlGenerator.h */,
				D0BE51A820C703340072EEA9 /* UrlGenerator.m */,
			);
			path = NetworkHandler;
			sourceTree = "<group>";
		};
		D0BE51A020C703340072EEA9 /* Reachability */ = {
			isa = PBXGroup;
			children = (
				D0BE51A120C703340072EEA9 /* Reachability.h */,
				D0BE51A220C703340072EEA9 /* Reachability.m */,
			);
			path = Reachability;
			sourceTree = "<group>";
		};
		D0BE51AE20C704020072EEA9 /* Categories */ = {
			isa = PBXGroup;
			children = (
				D0BE51AF20C704020072EEA9 /* NSArray+Custom.h */,
				D0BE51B020C704020072EEA9 /* NSArray+Custom.m */,
				D0BE51B120C704020072EEA9 /* NSString+Extension.h */,
				D0BE51B220C704020072EEA9 /* NSString+Extension.m */,
				D0BE51B320C704020072EEA9 /* UIView+CLAdditions.h */,
				D0BE51B420C704020072EEA9 /* UIView+CLAdditions.m */,
			);
			path = Categories;
			sourceTree = "<group>";
		};
		D0F0AF7620CC9732006D8BCA /* SearchCell */ = {
			isa = PBXGroup;
			children = (
				D0F0AF7720CC9745006D8BCA /* SearchTVC.h */,
				D0F0AF7820CC9745006D8BCA /* SearchTVC.m */,
			);
			path = SearchCell;
			sourceTree = "<group>";
		};
		D0F0AF7C20CCA327006D8BCA /* FlexibilityCell */ = {
			isa = PBXGroup;
			children = (
				D0F0AF7D20CCA344006D8BCA /* FlexiblityCVC.h */,
				D0F0AF7E20CCA344006D8BCA /* FlexiblityCVC.m */,
				D0F0AF7F20CCA344006D8BCA /* FlexiblityCVC.xib */,
			);
			path = FlexibilityCell;
			sourceTree = "<group>";
		};
		D0F0AF8420CCB19A006D8BCA /* SplashVC */ = {
			isa = PBXGroup;
			children = (
				D0F0AF8520CCB1B4006D8BCA /* SplashVC.h */,
				D0F0AF8620CCB1B4006D8BCA /* SplashVC.m */,
			);
			path = SplashVC;
			sourceTree = "<group>";
		};
		D0F10F1020C929940095E68D /* PassengerDetailsVC */ = {
			isa = PBXGroup;
			children = (
				D0F10F1120C929940095E68D /* PassengerDetailsVC.h */,
				D0F10F1220C929940095E68D /* PassengerDetailsVC.m */,
			);
			path = PassengerDetailsVC;
			sourceTree = "<group>";
		};
		D0F10F1320C929950095E68D /* WebViewVC */ = {
			isa = PBXGroup;
			children = (
				D0F10F2720C92B110095E68D /* WebViewVC.h */,
				D0F10F2820C92B110095E68D /* WebViewVC.m */,
			);
			path = WebViewVC;
			sourceTree = "<group>";
		};
		D0F10F1420C929950095E68D /* SearchVC */ = {
			isa = PBXGroup;
			children = (
				D0F0AF7620CC9732006D8BCA /* SearchCell */,
				D0F10F1520C929950095E68D /* SearchVC.h */,
				D0F10F1620C929950095E68D /* SearchVC.m */,
			);
			path = SearchVC;
			sourceTree = "<group>";
		};
		D0F10F1720C929950095E68D /* BaseViewController */ = {
			isa = PBXGroup;
			children = (
				D0F10F1820C929950095E68D /* BaseViewController.h */,
				D0F10F1920C929950095E68D /* BaseViewController.m */,
			);
			path = BaseViewController;
			sourceTree = "<group>";
		};
		D0F10F1A20C929950095E68D /* HomeViewController */ = {
			isa = PBXGroup;
			children = (
				D0002E2920D8028E00460168 /* LanguageCell */,
				D0F10F1B20C929950095E68D /* HomeViewController.h */,
				D0F10F1C20C929950095E68D /* HomeViewController.m */,
			);
			path = HomeViewController;
			sourceTree = "<group>";
		};
/* End PBXGroup section */

/* Begin PBXNativeTarget section */
		D057CCBA20BDCCAD00C1F9F2 /* LDA */ = {
			isa = PBXNativeTarget;
			buildConfigurationList = D057CCD420BDCCAF00C1F9F2 /* Build configuration list for PBXNativeTarget "LDA" */;
			buildPhases = (
				C1E0B665E3BC773FD81BEB00 /* [CP] Check Pods Manifest.lock */,
				D057CCB720BDCCAD00C1F9F2 /* Sources */,
				D057CCB820BDCCAD00C1F9F2 /* Frameworks */,
				D057CCB920BDCCAD00C1F9F2 /* Resources */,
				63BC8EC437DAC9F39A0B7287 /* [CP] Copy Pods Resources */,
			);
			buildRules = (
			);
			dependencies = (
			);
			name = LDA;
			productName = LDA;
			productReference = D057CCBB20BDCCAD00C1F9F2 /* LDA.app */;
			productType = "com.apple.product-type.application";
		};
/* End PBXNativeTarget section */

/* Begin PBXProject section */
		D057CCB320BDCCAD00C1F9F2 /* Project object */ = {
			isa = PBXProject;
			attributes = {
				LastUpgradeCheck = 0930;
				ORGANIZATIONNAME = lda;
				TargetAttributes = {
					D057CCBA20BDCCAD00C1F9F2 = {
						CreatedOnToolsVersion = 9.3;
					};
				};
			};
			buildConfigurationList = D057CCB620BDCCAD00C1F9F2 /* Build configuration list for PBXProject "LDA" */;
			compatibilityVersion = "Xcode 9.3";
			developmentRegion = en;
			hasScannedForEncodings = 0;
			knownRegions = (
				en,
				Base,
				es,
				ar,
				fr,
				"zh-Hans",
				de,
				ru,
			);
			mainGroup = D057CCB220BDCCAD00C1F9F2;
			productRefGroup = D057CCBC20BDCCAD00C1F9F2 /* Products */;
			projectDirPath = "";
			projectRoot = "";
			targets = (
				D057CCBA20BDCCAD00C1F9F2 /* LDA */,
			);
		};
/* End PBXProject section */

/* Begin PBXResourcesBuildPhase section */
		D057CCB920BDCCAD00C1F9F2 /* Resources */ = {
			isa = PBXResourcesBuildPhase;
			buildActionMask = 2147483647;
			files = (
				D018C4DD20C61E1500DD91C3 /* roboto_light.ttf in Resources */,
				D018C4E020C61E1500DD91C3 /* roboto_regular.ttf in Resources */,
				D018C4E320C61E1500DD91C3 /* roboto_thin.ttf in Resources */,
				D0052B0220CA3BFD007332C8 /* FlexibilityView.xib in Resources */,
				D00355AB20C774C100674FEB /* MultipleStopTVC.xib in Resources */,
				D057CCCE20BDCCAF00C1F9F2 /* LaunchScreen.storyboard in Resources */,
				D018C4E420C61E1500DD91C3 /* roboto_bold.ttf in Resources */,
				D018C4E120C61E1500DD91C3 /* roboto_italic.ttf in Resources */,
				D018C4DB20C61E1500DD91C3 /* roboto_blackitalic.ttf in Resources */,
				D018C4DE20C61E1500DD91C3 /* roboto_bolditalic.ttf in Resources */,
				D00355A120C76B6900674FEB /* MultipleStopView.xib in Resources */,
				D018C4DF20C61E1500DD91C3 /* roboto_mediumitalic.ttf in Resources */,
				D0002E3A20D82CE900460168 /* Localizable.strings in Resources */,
				D057CCCB20BDCCAF00C1F9F2 /* Assets.xcassets in Resources */,
				D0002E4120D8307A00460168 /* OneWayRoundView.xib in Resources */,
				D0F0AF8120CCA344006D8BCA /* FlexiblityCVC.xib in Resources */,
				D018C4DA20C61E1500DD91C3 /* roboto_thinitalic.ttf in Resources */,
				D018C4DC20C61E1500DD91C3 /* roboto_black.ttf in Resources */,
				D018C4E220C61E1500DD91C3 /* roboto_lightitalic.ttf in Resources */,
				D0F0AF8920CCB951006D8BCA /* splash.gif in Resources */,
				D018C4D920C61E1500DD91C3 /* roboto_medium.ttf in Resources */,
				D057CCC620BDCCAD00C1F9F2 /* Main.storyboard in Resources */,
			);
			runOnlyForDeploymentPostprocessing = 0;
		};
/* End PBXResourcesBuildPhase section */

/* Begin PBXShellScriptBuildPhase section */
		63BC8EC437DAC9F39A0B7287 /* [CP] Copy Pods Resources */ = {
			isa = PBXShellScriptBuildPhase;
			buildActionMask = 2147483647;
			files = (
			);
			inputPaths = (
				"${SRCROOT}/Pods/Target Support Files/Pods-LDA/Pods-LDA-resources.sh",
				"${PODS_ROOT}/IQKeyboardManager/IQKeyboardManager/Resources/IQKeyboardManager.bundle",
			);
			name = "[CP] Copy Pods Resources";
			outputPaths = (
				"${TARGET_BUILD_DIR}/${UNLOCALIZED_RESOURCES_FOLDER_PATH}/IQKeyboardManager.bundle",
			);
			runOnlyForDeploymentPostprocessing = 0;
			shellPath = /bin/sh;
			shellScript = "\"${SRCROOT}/Pods/Target Support Files/Pods-LDA/Pods-LDA-resources.sh\"\n";
			showEnvVarsInLog = 0;
		};
		C1E0B665E3BC773FD81BEB00 /* [CP] Check Pods Manifest.lock */ = {
			isa = PBXShellScriptBuildPhase;
			buildActionMask = 2147483647;
			files = (
			);
			inputPaths = (
				"${PODS_PODFILE_DIR_PATH}/Podfile.lock",
				"${PODS_ROOT}/Manifest.lock",
			);
			name = "[CP] Check Pods Manifest.lock";
			outputPaths = (
				"$(DERIVED_FILE_DIR)/Pods-LDA-checkManifestLockResult.txt",
			);
			runOnlyForDeploymentPostprocessing = 0;
			shellPath = /bin/sh;
			shellScript = "diff \"${PODS_PODFILE_DIR_PATH}/Podfile.lock\" \"${PODS_ROOT}/Manifest.lock\" > /dev/null\nif [ $? != 0 ] ; then\n    # print error to STDERR\n    echo \"error: The sandbox is not in sync with the Podfile.lock. Run 'pod install' or update your CocoaPods installation.\" >&2\n    exit 1\nfi\n# This output is used by Xcode 'outputs' to avoid re-running this script phase.\necho \"SUCCESS\" > \"${SCRIPT_OUTPUT_FILE_0}\"\n";
			showEnvVarsInLog = 0;
		};
/* End PBXShellScriptBuildPhase section */

/* Begin PBXSourcesBuildPhase section */
		D057CCB720BDCCAD00C1F9F2 /* Sources */ = {
			isa = PBXSourcesBuildPhase;
			buildActionMask = 2147483647;
			files = (
				D057CCC920BDCCAD00C1F9F2 /* LDA.xcdatamodeld in Sources */,
				D0BE51B520C704020072EEA9 /* NSArray+Custom.m in Sources */,
				D0BE51AA20C703350072EEA9 /* Reachability.m in Sources */,
				D0BE51AD20C703350072EEA9 /* UrlGenerator.m in Sources */,
				D0052B0020CA3BED007332C8 /* FlexibilityView.m in Sources */,
				D0002E2C20D802A800460168 /* LanguageCell.m in Sources */,
				D0F10F1E20C929950095E68D /* SearchVC.m in Sources */,
				D0F10F2020C929950095E68D /* HomeViewController.m in Sources */,
				D0BE519320C6D8060072EEA9 /* OneWayRoundView.m in Sources */,
				D0F0AF7920CC9745006D8BCA /* SearchTVC.m in Sources */,
				D0BE51B620C704020072EEA9 /* NSString+Extension.m in Sources */,
				D0F10F1F20C929950095E68D /* BaseViewController.m in Sources */,
				D0F10F1D20C929950095E68D /* PassengerDetailsVC.m in Sources */,
				D057CCD120BDCCAF00C1F9F2 /* main.m in Sources */,
				D00355A420C76B8400674FEB /* MultipleStopView.m in Sources */,
				D0F0AF8720CCB1B4006D8BCA /* SplashVC.m in Sources */,
				D0BE51AC20C703350072EEA9 /* ResponseHandler.m in Sources */,
				D0BE51B720C704020072EEA9 /* UIView+CLAdditions.m in Sources */,
				D0F0AF8020CCA344006D8BCA /* FlexiblityCVC.m in Sources */,
				D00355AA20C774C100674FEB /* MultipleStopTVC.m in Sources */,
				D0F10F2920C92B110095E68D /* WebViewVC.m in Sources */,
				D0BE51AB20C703350072EEA9 /* RequestBodyGenerator.m in Sources */,
				D0BE51A920C703350072EEA9 /* NetworkHandler.m in Sources */,
				D057CCC020BDCCAD00C1F9F2 /* AppDelegate.m in Sources */,
			);
			runOnlyForDeploymentPostprocessing = 0;
		};
/* End PBXSourcesBuildPhase section */

/* Begin PBXVariantGroup section */
		D0002E3820D82CE900460168 /* Localizable.strings */ = {
			isa = PBXVariantGroup;
			children = (
				D0002E3B20D82CFB00460168 /* en */,
				D0002E3C20D82D0400460168 /* ar */,
				D0002E3D20D82D0500460168 /* fr */,
				D0002E3E20D82D0600460168 /* zh-Hans */,
				D0002E3F20D82D0700460168 /* de */,
				D0002E4020D82D0800460168 /* ru */,
				D0002E5020D8318900460168 /* es */,
				D0002E5120D831E300460168 /* Base */,
			);
			name = Localizable.strings;
			sourceTree = "<group>";
		};
		D0002E4320D8307A00460168 /* OneWayRoundView.xib */ = {
			isa = PBXVariantGroup;
			children = (
				D0FCD31D20D8B3E700AA0D90 /* Base */,
			);
			name = OneWayRoundView.xib;
			sourceTree = "<group>";
		};
		D057CCC420BDCCAD00C1F9F2 /* Main.storyboard */ = {
			isa = PBXVariantGroup;
			children = (
				D057CCC520BDCCAD00C1F9F2 /* Base */,
				D0002E2720D78E5A00460168 /* fr */,
				D0002E2E20D8213D00460168 /* ar */,
				D0002E3020D8217100460168 /* zh-Hans */,
				D0002E3220D8217D00460168 /* de */,
				D0002E3420D8218500460168 /* ru */,
				D0002E3620D8218F00460168 /* es */,
			);
			name = Main.storyboard;
			sourceTree = "<group>";
		};
		D057CCCC20BDCCAF00C1F9F2 /* LaunchScreen.storyboard */ = {
			isa = PBXVariantGroup;
			children = (
				D057CCCD20BDCCAF00C1F9F2 /* Base */,
				D0002E2820D78E5A00460168 /* fr */,
				D0002E2F20D8213E00460168 /* ar */,
				D0002E3120D8217100460168 /* zh-Hans */,
				D0002E3320D8217D00460168 /* de */,
				D0002E3520D8218500460168 /* ru */,
				D0002E3720D8218F00460168 /* es */,
			);
			name = LaunchScreen.storyboard;
			sourceTree = "<group>";
		};
/* End PBXVariantGroup section */

/* Begin XCBuildConfiguration section */
		D057CCD220BDCCAF00C1F9F2 /* Debug */ = {
			isa = XCBuildConfiguration;
			buildSettings = {
				ALWAYS_SEARCH_USER_PATHS = NO;
				CLANG_ANALYZER_LOCALIZABILITY_NONLOCALIZED = YES;
				CLANG_ANALYZER_NONNULL = YES;
				CLANG_ANALYZER_NUMBER_OBJECT_CONVERSION = YES_AGGRESSIVE;
				CLANG_CXX_LANGUAGE_STANDARD = "gnu++14";
				CLANG_CXX_LIBRARY = "libc++";
				CLANG_ENABLE_MODULES = YES;
				CLANG_ENABLE_OBJC_ARC = YES;
				CLANG_ENABLE_OBJC_WEAK = YES;
				CLANG_WARN_BLOCK_CAPTURE_AUTORELEASING = YES;
				CLANG_WARN_BOOL_CONVERSION = YES;
				CLANG_WARN_COMMA = YES;
				CLANG_WARN_CONSTANT_CONVERSION = YES;
				CLANG_WARN_DEPRECATED_OBJC_IMPLEMENTATIONS = YES;
				CLANG_WARN_DIRECT_OBJC_ISA_USAGE = YES_ERROR;
				CLANG_WARN_DOCUMENTATION_COMMENTS = YES;
				CLANG_WARN_EMPTY_BODY = YES;
				CLANG_WARN_ENUM_CONVERSION = YES;
				CLANG_WARN_INFINITE_RECURSION = YES;
				CLANG_WARN_INT_CONVERSION = YES;
				CLANG_WARN_NON_LITERAL_NULL_CONVERSION = YES;
				CLANG_WARN_OBJC_IMPLICIT_RETAIN_SELF = YES;
				CLANG_WARN_OBJC_LITERAL_CONVERSION = YES;
				CLANG_WARN_OBJC_ROOT_CLASS = YES_ERROR;
				CLANG_WARN_RANGE_LOOP_ANALYSIS = YES;
				CLANG_WARN_STRICT_PROTOTYPES = YES;
				CLANG_WARN_SUSPICIOUS_MOVE = YES;
				CLANG_WARN_UNGUARDED_AVAILABILITY = YES_AGGRESSIVE;
				CLANG_WARN_UNREACHABLE_CODE = YES;
				CLANG_WARN__DUPLICATE_METHOD_MATCH = YES;
				CODE_SIGN_IDENTITY = "iPhone Developer";
				COPY_PHASE_STRIP = NO;
				DEBUG_INFORMATION_FORMAT = dwarf;
				ENABLE_STRICT_OBJC_MSGSEND = YES;
				ENABLE_TESTABILITY = YES;
				GCC_C_LANGUAGE_STANDARD = gnu11;
				GCC_DYNAMIC_NO_PIC = NO;
				GCC_NO_COMMON_BLOCKS = YES;
				GCC_OPTIMIZATION_LEVEL = 0;
				GCC_PREPROCESSOR_DEFINITIONS = (
					"DEBUG=1",
					"$(inherited)",
				);
				GCC_WARN_64_TO_32_BIT_CONVERSION = YES;
				GCC_WARN_ABOUT_RETURN_TYPE = YES_ERROR;
				GCC_WARN_UNDECLARED_SELECTOR = YES;
				GCC_WARN_UNINITIALIZED_AUTOS = YES_AGGRESSIVE;
				GCC_WARN_UNUSED_FUNCTION = YES;
				GCC_WARN_UNUSED_VARIABLE = YES;
				IPHONEOS_DEPLOYMENT_TARGET = 11.3;
				MTL_ENABLE_DEBUG_INFO = YES;
				ONLY_ACTIVE_ARCH = YES;
				SDKROOT = iphoneos;
			};
			name = Debug;
		};
		D057CCD320BDCCAF00C1F9F2 /* Release */ = {
			isa = XCBuildConfiguration;
			buildSettings = {
				ALWAYS_SEARCH_USER_PATHS = NO;
				CLANG_ANALYZER_LOCALIZABILITY_NONLOCALIZED = YES;
				CLANG_ANALYZER_NONNULL = YES;
				CLANG_ANALYZER_NUMBER_OBJECT_CONVERSION = YES_AGGRESSIVE;
				CLANG_CXX_LANGUAGE_STANDARD = "gnu++14";
				CLANG_CXX_LIBRARY = "libc++";
				CLANG_ENABLE_MODULES = YES;
				CLANG_ENABLE_OBJC_ARC = YES;
				CLANG_ENABLE_OBJC_WEAK = YES;
				CLANG_WARN_BLOCK_CAPTURE_AUTORELEASING = YES;
				CLANG_WARN_BOOL_CONVERSION = YES;
				CLANG_WARN_COMMA = YES;
				CLANG_WARN_CONSTANT_CONVERSION = YES;
				CLANG_WARN_DEPRECATED_OBJC_IMPLEMENTATIONS = YES;
				CLANG_WARN_DIRECT_OBJC_ISA_USAGE = YES_ERROR;
				CLANG_WARN_DOCUMENTATION_COMMENTS = YES;
				CLANG_WARN_EMPTY_BODY = YES;
				CLANG_WARN_ENUM_CONVERSION = YES;
				CLANG_WARN_INFINITE_RECURSION = YES;
				CLANG_WARN_INT_CONVERSION = YES;
				CLANG_WARN_NON_LITERAL_NULL_CONVERSION = YES;
				CLANG_WARN_OBJC_IMPLICIT_RETAIN_SELF = YES;
				CLANG_WARN_OBJC_LITERAL_CONVERSION = YES;
				CLANG_WARN_OBJC_ROOT_CLASS = YES_ERROR;
				CLANG_WARN_RANGE_LOOP_ANALYSIS = YES;
				CLANG_WARN_STRICT_PROTOTYPES = YES;
				CLANG_WARN_SUSPICIOUS_MOVE = YES;
				CLANG_WARN_UNGUARDED_AVAILABILITY = YES_AGGRESSIVE;
				CLANG_WARN_UNREACHABLE_CODE = YES;
				CLANG_WARN__DUPLICATE_METHOD_MATCH = YES;
				CODE_SIGN_IDENTITY = "iPhone Developer";
				COPY_PHASE_STRIP = NO;
				DEBUG_INFORMATION_FORMAT = "dwarf-with-dsym";
				ENABLE_NS_ASSERTIONS = NO;
				ENABLE_STRICT_OBJC_MSGSEND = YES;
				GCC_C_LANGUAGE_STANDARD = gnu11;
				GCC_NO_COMMON_BLOCKS = YES;
				GCC_WARN_64_TO_32_BIT_CONVERSION = YES;
				GCC_WARN_ABOUT_RETURN_TYPE = YES_ERROR;
				GCC_WARN_UNDECLARED_SELECTOR = YES;
				GCC_WARN_UNINITIALIZED_AUTOS = YES_AGGRESSIVE;
				GCC_WARN_UNUSED_FUNCTION = YES;
				GCC_WARN_UNUSED_VARIABLE = YES;
				IPHONEOS_DEPLOYMENT_TARGET = 11.3;
				MTL_ENABLE_DEBUG_INFO = NO;
				SDKROOT = iphoneos;
				VALIDATE_PRODUCT = YES;
			};
			name = Release;
		};
		D057CCD520BDCCAF00C1F9F2 /* Debug */ = {
			isa = XCBuildConfiguration;
			baseConfigurationReference = 50BF2D547272FFE6B19D7068 /* Pods-LDA.debug.xcconfig */;
			buildSettings = {
				ASSETCATALOG_COMPILER_APPICON_NAME = AppIcon;
				CODE_SIGN_IDENTITY = "iPhone Developer";
				CODE_SIGN_STYLE = Manual;
				DEVELOPMENT_TEAM = 594YKYRZ37;
				INFOPLIST_FILE = LDA/Info.plist;
				IPHONEOS_DEPLOYMENT_TARGET = 10.0;
				LD_RUNPATH_SEARCH_PATHS = (
					"$(inherited)",
					"@executable_path/Frameworks",
				);
				PRODUCT_BUNDLE_IDENTIFIER = com.lda.ios;
				PRODUCT_NAME = "$(TARGET_NAME)";
				PROVISIONING_PROFILE = "fb844b66-8c45-42fa-ae91-98c35f0d48a7";
				PROVISIONING_PROFILE_SPECIFIER = dev_prov_lda;
				TARGETED_DEVICE_FAMILY = "1,2";
			};
			name = Debug;
		};
		D057CCD620BDCCAF00C1F9F2 /* Release */ = {
			isa = XCBuildConfiguration;
			baseConfigurationReference = 84D2A3CE6B7A5E91E0B3E502 /* Pods-LDA.release.xcconfig */;
			buildSettings = {
				ASSETCATALOG_COMPILER_APPICON_NAME = AppIcon;
				CODE_SIGN_IDENTITY = "iPhone Distribution";
				CODE_SIGN_STYLE = Manual;
				DEVELOPMENT_TEAM = 594YKYRZ37;
				INFOPLIST_FILE = LDA/Info.plist;
				IPHONEOS_DEPLOYMENT_TARGET = 10.0;
				LD_RUNPATH_SEARCH_PATHS = (
					"$(inherited)",
					"@executable_path/Frameworks",
				);
				PRODUCT_BUNDLE_IDENTIFIER = com.lda.ios;
				PRODUCT_NAME = "$(TARGET_NAME)";
				PROVISIONING_PROFILE = "7d45246c-8510-47d3-92b4-52dc4c663123";
				PROVISIONING_PROFILE_SPECIFIER = dis_prov_lda;
				TARGETED_DEVICE_FAMILY = "1,2";
			};
			name = Release;
		};
/* End XCBuildConfiguration section */

/* Begin XCConfigurationList section */
		D057CCB620BDCCAD00C1F9F2 /* Build configuration list for PBXProject "LDA" */ = {
			isa = XCConfigurationList;
			buildConfigurations = (
				D057CCD220BDCCAF00C1F9F2 /* Debug */,
				D057CCD320BDCCAF00C1F9F2 /* Release */,
			);
			defaultConfigurationIsVisible = 0;
			defaultConfigurationName = Release;
		};
		D057CCD420BDCCAF00C1F9F2 /* Build configuration list for PBXNativeTarget "LDA" */ = {
			isa = XCConfigurationList;
			buildConfigurations = (
				D057CCD520BDCCAF00C1F9F2 /* Debug */,
				D057CCD620BDCCAF00C1F9F2 /* Release */,
			);
			defaultConfigurationIsVisible = 0;
			defaultConfigurationName = Release;
		};
/* End XCConfigurationList section */

/* Begin XCVersionGroup section */
		D057CCC720BDCCAD00C1F9F2 /* LDA.xcdatamodeld */ = {
			isa = XCVersionGroup;
			children = (
				D057CCC820BDCCAD00C1F9F2 /* LDA.xcdatamodel */,
			);
			currentVersion = D057CCC820BDCCAD00C1F9F2 /* LDA.xcdatamodel */;
			path = LDA.xcdatamodeld;
			sourceTree = "<group>";
			versionGroupType = wrapper.xcdatamodel;
		};
/* End XCVersionGroup section */
	};
	rootObject = D057CCB320BDCCAD00C1F9F2 /* Project object */;
}
