// !$*UTF8*$!
{
	archiveVersion = 1;
	classes = {
	};
	objectVersion = 50;
	objects = {

/* Begin PBXBuildFile section */
		94C757EAB6C77A2B52FC7E70 /* libPods-LDA.a in Frameworks */ = {isa = PBXBuildFile; fileRef = 71D69D6543F714AD3B61EF4D /* libPods-LDA.a */; };
		D018C4B320C61D1800DD91C3 /* BaseViewController.m in Sources */ = {isa = PBXBuildFile; fileRef = D018C4B020C61D1700DD91C3 /* BaseViewController.m */; };
		D018C4B420C61D1800DD91C3 /* HomeViewController.m in Sources */ = {isa = PBXBuildFile; fileRef = D018C4B220C61D1700DD91C3 /* HomeViewController.m */; };
		D018C4D920C61E1500DD91C3 /* roboto_medium.ttf in Resources */ = {isa = PBXBuildFile; fileRef = D018C4CD20C61E1100DD91C3 /* roboto_medium.ttf */; };
		D018C4DA20C61E1500DD91C3 /* roboto_thinitalic.ttf in Resources */ = {isa = PBXBuildFile; fileRef = D018C4CE20C61E1200DD91C3 /* roboto_thinitalic.ttf */; };
		D018C4DB20C61E1500DD91C3 /* roboto_blackitalic.ttf in Resources */ = {isa = PBXBuildFile; fileRef = D018C4CF20C61E1200DD91C3 /* roboto_blackitalic.ttf */; };
		D018C4DC20C61E1500DD91C3 /* roboto_black.ttf in Resources */ = {isa = PBXBuildFile; fileRef = D018C4D020C61E1300DD91C3 /* roboto_black.ttf */; };
		D018C4DD20C61E1500DD91C3 /* roboto_light.ttf in Resources */ = {isa = PBXBuildFile; fileRef = D018C4D120C61E1300DD91C3 /* roboto_light.ttf */; };
		D018C4DE20C61E1500DD91C3 /* roboto_bolditalic.ttf in Resources */ = {isa = PBXBuildFile; fileRef = D018C4D220C61E1300DD91C3 /* roboto_bolditalic.ttf */; };
		D018C4DF20C61E1500DD91C3 /* roboto_mediumitalic.ttf in Resources */ = {isa = PBXBuildFile; fileRef = D018C4D320C61E1400DD91C3 /* roboto_mediumitalic.ttf */; };
		D018C4E020C61E1500DD91C3 /* roboto_regular.ttf in Resources */ = {isa = PBXBuildFile; fileRef = D018C4D420C61E1400DD91C3 /* roboto_regular.ttf */; };
		D018C4E120C61E1500DD91C3 /* roboto_italic.ttf in Resources */ = {isa = PBXBuildFile; fileRef = D018C4D520C61E1400DD91C3 /* roboto_italic.ttf */; };
		D018C4E220C61E1500DD91C3 /* roboto_lightitalic.ttf in Resources */ = {isa = PBXBuildFile; fileRef = D018C4D620C61E1400DD91C3 /* roboto_lightitalic.ttf */; };
		D018C4E320C61E1500DD91C3 /* roboto_thin.ttf in Resources */ = {isa = PBXBuildFile; fileRef = D018C4D720C61E1500DD91C3 /* roboto_thin.ttf */; };
		D018C4E420C61E1500DD91C3 /* roboto_bold.ttf in Resources */ = {isa = PBXBuildFile; fileRef = D018C4D820C61E1500DD91C3 /* roboto_bold.ttf */; };
		D057CCC020BDCCAD00C1F9F2 /* AppDelegate.m in Sources */ = {isa = PBXBuildFile; fileRef = D057CCBF20BDCCAD00C1F9F2 /* AppDelegate.m */; };
		D057CCC620BDCCAD00C1F9F2 /* Main.storyboard in Resources */ = {isa = PBXBuildFile; fileRef = D057CCC420BDCCAD00C1F9F2 /* Main.storyboard */; };
		D057CCC920BDCCAD00C1F9F2 /* LDA.xcdatamodeld in Sources */ = {isa = PBXBuildFile; fileRef = D057CCC720BDCCAD00C1F9F2 /* LDA.xcdatamodeld */; };
		D057CCCB20BDCCAF00C1F9F2 /* Assets.xcassets in Resources */ = {isa = PBXBuildFile; fileRef = D057CCCA20BDCCAF00C1F9F2 /* Assets.xcassets */; };
		D057CCCE20BDCCAF00C1F9F2 /* LaunchScreen.storyboard in Resources */ = {isa = PBXBuildFile; fileRef = D057CCCC20BDCCAF00C1F9F2 /* LaunchScreen.storyboard */; };
		D057CCD120BDCCAF00C1F9F2 /* main.m in Sources */ = {isa = PBXBuildFile; fileRef = D057CCD020BDCCAF00C1F9F2 /* main.m */; };
		D0BE519320C6D8060072EEA9 /* OneWayRoundView.m in Sources */ = {isa = PBXBuildFile; fileRef = D0BE519220C6D8060072EEA9 /* OneWayRoundView.m */; };
		D0BE519520C6D8180072EEA9 /* OneWayRoundView.xib in Resources */ = {isa = PBXBuildFile; fileRef = D0BE519420C6D8180072EEA9 /* OneWayRoundView.xib */; };
/* End PBXBuildFile section */

/* Begin PBXFileReference section */
		50BF2D547272FFE6B19D7068 /* Pods-LDA.debug.xcconfig */ = {isa = PBXFileReference; includeInIndex = 1; lastKnownFileType = text.xcconfig; name = "Pods-LDA.debug.xcconfig"; path = "Pods/Target Support Files/Pods-LDA/Pods-LDA.debug.xcconfig"; sourceTree = "<group>"; };
		71D69D6543F714AD3B61EF4D /* libPods-LDA.a */ = {isa = PBXFileReference; explicitFileType = archive.ar; includeInIndex = 0; path = "libPods-LDA.a"; sourceTree = BUILT_PRODUCTS_DIR; };
		84D2A3CE6B7A5E91E0B3E502 /* Pods-LDA.release.xcconfig */ = {isa = PBXFileReference; includeInIndex = 1; lastKnownFileType = text.xcconfig; name = "Pods-LDA.release.xcconfig"; path = "Pods/Target Support Files/Pods-LDA/Pods-LDA.release.xcconfig"; sourceTree = "<group>"; };
		D018C4AD20C61CD600DD91C3 /* Constants.h */ = {isa = PBXFileReference; fileEncoding = 4; lastKnownFileType = sourcecode.c.h; path = Constants.h; sourceTree = "<group>"; };
		D018C4AF20C61D1700DD91C3 /* BaseViewController.h */ = {isa = PBXFileReference; fileEncoding = 4; lastKnownFileType = sourcecode.c.h; path = BaseViewController.h; sourceTree = "<group>"; };
		D018C4B020C61D1700DD91C3 /* BaseViewController.m */ = {isa = PBXFileReference; fileEncoding = 4; lastKnownFileType = sourcecode.c.objc; path = BaseViewController.m; sourceTree = "<group>"; };
		D018C4B120C61D1700DD91C3 /* HomeViewController.h */ = {isa = PBXFileReference; fileEncoding = 4; lastKnownFileType = sourcecode.c.h; path = HomeViewController.h; sourceTree = "<group>"; };
		D018C4B220C61D1700DD91C3 /* HomeViewController.m */ = {isa = PBXFileReference; fileEncoding = 4; lastKnownFileType = sourcecode.c.objc; path = HomeViewController.m; sourceTree = "<group>"; };
		D018C4CD20C61E1100DD91C3 /* roboto_medium.ttf */ = {isa = PBXFileReference; lastKnownFileType = file; path = roboto_medium.ttf; sourceTree = "<group>"; };
		D018C4CE20C61E1200DD91C3 /* roboto_thinitalic.ttf */ = {isa = PBXFileReference; lastKnownFileType = file; path = roboto_thinitalic.ttf; sourceTree = "<group>"; };
		D018C4CF20C61E1200DD91C3 /* roboto_blackitalic.ttf */ = {isa = PBXFileReference; lastKnownFileType = file; path = roboto_blackitalic.ttf; sourceTree = "<group>"; };
		D018C4D020C61E1300DD91C3 /* roboto_black.ttf */ = {isa = PBXFileReference; lastKnownFileType = file; path = roboto_black.ttf; sourceTree = "<group>"; };
		D018C4D120C61E1300DD91C3 /* roboto_light.ttf */ = {isa = PBXFileReference; lastKnownFileType = file; path = roboto_light.ttf; sourceTree = "<group>"; };
		D018C4D220C61E1300DD91C3 /* roboto_bolditalic.ttf */ = {isa = PBXFileReference; lastKnownFileType = file; path = roboto_bolditalic.ttf; sourceTree = "<group>"; };
		D018C4D320C61E1400DD91C3 /* roboto_mediumitalic.ttf */ = {isa = PBXFileReference; lastKnownFileType = file; path = roboto_mediumitalic.ttf; sourceTree = "<group>"; };
		D018C4D420C61E1400DD91C3 /* roboto_regular.ttf */ = {isa = PBXFileReference; lastKnownFileType = file; path = roboto_regular.ttf; sourceTree = "<group>"; };
		D018C4D520C61E1400DD91C3 /* roboto_italic.ttf */ = {isa = PBXFileReference; lastKnownFileType = file; path = roboto_italic.ttf; sourceTree = "<group>"; };
		D018C4D620C61E1400DD91C3 /* roboto_lightitalic.ttf */ = {isa = PBXFileReference; lastKnownFileType = file; path = roboto_lightitalic.ttf; sourceTree = "<group>"; };
		D018C4D720C61E1500DD91C3 /* roboto_thin.ttf */ = {isa = PBXFileReference; lastKnownFileType = file; path = roboto_thin.ttf; sourceTree = "<group>"; };
		D018C4D820C61E1500DD91C3 /* roboto_bold.ttf */ = {isa = PBXFileReference; lastKnownFileType = file; path = roboto_bold.ttf; sourceTree = "<group>"; };
		D057CCBB20BDCCAD00C1F9F2 /* LDA.app */ = {isa = PBXFileReference; explicitFileType = wrapper.application; includeInIndex = 0; path = LDA.app; sourceTree = BUILT_PRODUCTS_DIR; };
		D057CCBE20BDCCAD00C1F9F2 /* AppDelegate.h */ = {isa = PBXFileReference; lastKnownFileType = sourcecode.c.h; path = AppDelegate.h; sourceTree = "<group>"; };
		D057CCBF20BDCCAD00C1F9F2 /* AppDelegate.m */ = {isa = PBXFileReference; lastKnownFileType = sourcecode.c.objc; path = AppDelegate.m; sourceTree = "<group>"; };
		D057CCC520BDCCAD00C1F9F2 /* Base */ = {isa = PBXFileReference; lastKnownFileType = file.storyboard; name = Base; path = Base.lproj/Main.storyboard; sourceTree = "<group>"; };
		D057CCC820BDCCAD00C1F9F2 /* LDA.xcdatamodel */ = {isa = PBXFileReference; lastKnownFileType = wrapper.xcdatamodel; path = LDA.xcdatamodel; sourceTree = "<group>"; };
		D057CCCA20BDCCAF00C1F9F2 /* Assets.xcassets */ = {isa = PBXFileReference; lastKnownFileType = folder.assetcatalog; path = Assets.xcassets; sourceTree = "<group>"; };
		D057CCCD20BDCCAF00C1F9F2 /* Base */ = {isa = PBXFileReference; lastKnownFileType = file.storyboard; name = Base; path = Base.lproj/LaunchScreen.storyboard; sourceTree = "<group>"; };
		D057CCCF20BDCCAF00C1F9F2 /* Info.plist */ = {isa = PBXFileReference; lastKnownFileType = text.plist.xml; path = Info.plist; sourceTree = "<group>"; };
		D057CCD020BDCCAF00C1F9F2 /* main.m */ = {isa = PBXFileReference; lastKnownFileType = sourcecode.c.objc; path = main.m; sourceTree = "<group>"; };
		D0BE519120C6D8060072EEA9 /* OneWayRoundView.h */ = {isa = PBXFileReference; lastKnownFileType = sourcecode.c.h; path = OneWayRoundView.h; sourceTree = "<group>"; };
		D0BE519220C6D8060072EEA9 /* OneWayRoundView.m */ = {isa = PBXFileReference; lastKnownFileType = sourcecode.c.objc; path = OneWayRoundView.m; sourceTree = "<group>"; };
		D0BE519420C6D8180072EEA9 /* OneWayRoundView.xib */ = {isa = PBXFileReference; lastKnownFileType = file.xib; path = OneWayRoundView.xib; sourceTree = "<group>"; };
/* End PBXFileReference section */

/* Begin PBXFrameworksBuildPhase section */
		D057CCB820BDCCAD00C1F9F2 /* Frameworks */ = {
			isa = PBXFrameworksBuildPhase;
			buildActionMask = 2147483647;
			files = (
				94C757EAB6C77A2B52FC7E70 /* libPods-LDA.a in Frameworks */,
			);
			runOnlyForDeploymentPostprocessing = 0;
		};
/* End PBXFrameworksBuildPhase section */

/* Begin PBXGroup section */
		28E8351D76856B0059EE164E /* Frameworks */ = {
			isa = PBXGroup;
			children = (
				71D69D6543F714AD3B61EF4D /* libPods-LDA.a */,
			);
			name = Frameworks;
			sourceTree = "<group>";
		};
		73C3F4C8854925C155C096C3 /* Pods */ = {
			isa = PBXGroup;
			children = (
				50BF2D547272FFE6B19D7068 /* Pods-LDA.debug.xcconfig */,
				84D2A3CE6B7A5E91E0B3E502 /* Pods-LDA.release.xcconfig */,
			);
			name = Pods;
			sourceTree = "<group>";
		};
		D018C4AB20C61CD400DD91C3 /* Fonts */ = {
			isa = PBXGroup;
			children = (
				D018C4D020C61E1300DD91C3 /* roboto_black.ttf */,
				D018C4CF20C61E1200DD91C3 /* roboto_blackitalic.ttf */,
				D018C4D820C61E1500DD91C3 /* roboto_bold.ttf */,
				D018C4D220C61E1300DD91C3 /* roboto_bolditalic.ttf */,
				D018C4D520C61E1400DD91C3 /* roboto_italic.ttf */,
				D018C4D120C61E1300DD91C3 /* roboto_light.ttf */,
				D018C4D620C61E1400DD91C3 /* roboto_lightitalic.ttf */,
				D018C4CD20C61E1100DD91C3 /* roboto_medium.ttf */,
				D018C4D320C61E1400DD91C3 /* roboto_mediumitalic.ttf */,
				D018C4D420C61E1400DD91C3 /* roboto_regular.ttf */,
				D018C4D720C61E1500DD91C3 /* roboto_thin.ttf */,
				D018C4CE20C61E1200DD91C3 /* roboto_thinitalic.ttf */,
			);
			path = Fonts;
			sourceTree = "<group>";
		};
		D018C4AC20C61CD600DD91C3 /* Helpers */ = {
			isa = PBXGroup;
			children = (
				D018C4AD20C61CD600DD91C3 /* Constants.h */,
			);
			path = Helpers;
			sourceTree = "<group>";
		};
		D018C4AE20C61D1700DD91C3 /* ViewControllers */ = {
			isa = PBXGroup;
			children = (
				D018C4AF20C61D1700DD91C3 /* BaseViewController.h */,
				D018C4B020C61D1700DD91C3 /* BaseViewController.m */,
				D018C4B120C61D1700DD91C3 /* HomeViewController.h */,
				D018C4B220C61D1700DD91C3 /* HomeViewController.m */,
			);
			path = ViewControllers;
			sourceTree = "<group>";
		};
		D057CCB220BDCCAD00C1F9F2 = {
			isa = PBXGroup;
			children = (
				D057CCBD20BDCCAD00C1F9F2 /* LDA */,
				D057CCBC20BDCCAD00C1F9F2 /* Products */,
				73C3F4C8854925C155C096C3 /* Pods */,
				28E8351D76856B0059EE164E /* Frameworks */,
			);
			sourceTree = "<group>";
		};
		D057CCBC20BDCCAD00C1F9F2 /* Products */ = {
			isa = PBXGroup;
			children = (
				D057CCBB20BDCCAD00C1F9F2 /* LDA.app */,
			);
			name = Products;
			sourceTree = "<group>";
		};
		D057CCBD20BDCCAD00C1F9F2 /* LDA */ = {
			isa = PBXGroup;
			children = (
				D0BE518B20C6D7210072EEA9 /* Views */,
				D018C4AE20C61D1700DD91C3 /* ViewControllers */,
				D018C4AB20C61CD400DD91C3 /* Fonts */,
				D018C4AC20C61CD600DD91C3 /* Helpers */,
				D057CCBE20BDCCAD00C1F9F2 /* AppDelegate.h */,
				D057CCBF20BDCCAD00C1F9F2 /* AppDelegate.m */,
				D057CCC420BDCCAD00C1F9F2 /* Main.storyboard */,
				D057CCCA20BDCCAF00C1F9F2 /* Assets.xcassets */,
				D057CCCC20BDCCAF00C1F9F2 /* LaunchScreen.storyboard */,
				D057CCCF20BDCCAF00C1F9F2 /* Info.plist */,
				D057CCD020BDCCAF00C1F9F2 /* main.m */,
				D057CCC720BDCCAD00C1F9F2 /* LDA.xcdatamodeld */,
			);
			path = LDA;
			sourceTree = "<group>";
		};
		D0BE518B20C6D7210072EEA9 /* Views */ = {
			isa = PBXGroup;
			children = (
				D0BE519020C6D7EC0072EEA9 /* MultipleStop */,
				D0BE518F20C6D7EC0072EEA9 /* OneWayRound */,
			);
			path = Views;
			sourceTree = "<group>";
		};
		D0BE518F20C6D7EC0072EEA9 /* OneWayRound */ = {
			isa = PBXGroup;
			children = (
				D0BE519120C6D8060072EEA9 /* OneWayRoundView.h */,
				D0BE519220C6D8060072EEA9 /* OneWayRoundView.m */,
				D0BE519420C6D8180072EEA9 /* OneWayRoundView.xib */,
			);
			path = OneWayRound;
			sourceTree = "<group>";
		};
		D0BE519020C6D7EC0072EEA9 /* MultipleStop */ = {
			isa = PBXGroup;
			children = (
			);
			path = MultipleStop;
			sourceTree = "<group>";
		};
/* End PBXGroup section */

/* Begin PBXNativeTarget section */
		D057CCBA20BDCCAD00C1F9F2 /* LDA */ = {
			isa = PBXNativeTarget;
			buildConfigurationList = D057CCD420BDCCAF00C1F9F2 /* Build configuration list for PBXNativeTarget "LDA" */;
			buildPhases = (
				C1E0B665E3BC773FD81BEB00 /* [CP] Check Pods Manifest.lock */,
				D057CCB720BDCCAD00C1F9F2 /* Sources */,
				D057CCB820BDCCAD00C1F9F2 /* Frameworks */,
				D057CCB920BDCCAD00C1F9F2 /* Resources */,
			);
			buildRules = (
			);
			dependencies = (
			);
			name = LDA;
			productName = LDA;
			productReference = D057CCBB20BDCCAD00C1F9F2 /* LDA.app */;
			productType = "com.apple.product-type.application";
		};
/* End PBXNativeTarget section */

/* Begin PBXProject section */
		D057CCB320BDCCAD00C1F9F2 /* Project object */ = {
			isa = PBXProject;
			attributes = {
				LastUpgradeCheck = 0930;
				ORGANIZATIONNAME = lda;
				TargetAttributes = {
					D057CCBA20BDCCAD00C1F9F2 = {
						CreatedOnToolsVersion = 9.3;
					};
				};
			};
			buildConfigurationList = D057CCB620BDCCAD00C1F9F2 /* Build configuration list for PBXProject "LDA" */;
			compatibilityVersion = "Xcode 9.3";
			developmentRegion = en;
			hasScannedForEncodings = 0;
			knownRegions = (
				en,
				Base,
			);
			mainGroup = D057CCB220BDCCAD00C1F9F2;
			productRefGroup = D057CCBC20BDCCAD00C1F9F2 /* Products */;
			projectDirPath = "";
			projectRoot = "";
			targets = (
				D057CCBA20BDCCAD00C1F9F2 /* LDA */,
			);
		};
/* End PBXProject section */

/* Begin PBXResourcesBuildPhase section */
		D057CCB920BDCCAD00C1F9F2 /* Resources */ = {
			isa = PBXResourcesBuildPhase;
			buildActionMask = 2147483647;
			files = (
				D018C4DD20C61E1500DD91C3 /* roboto_light.ttf in Resources */,
				D018C4E020C61E1500DD91C3 /* roboto_regular.ttf in Resources */,
				D018C4E320C61E1500DD91C3 /* roboto_thin.ttf in Resources */,
				D057CCCE20BDCCAF00C1F9F2 /* LaunchScreen.storyboard in Resources */,
				D018C4E420C61E1500DD91C3 /* roboto_bold.ttf in Resources */,
				D018C4E120C61E1500DD91C3 /* roboto_italic.ttf in Resources */,
				D018C4DB20C61E1500DD91C3 /* roboto_blackitalic.ttf in Resources */,
				D018C4DE20C61E1500DD91C3 /* roboto_bolditalic.ttf in Resources */,
				D018C4DF20C61E1500DD91C3 /* roboto_mediumitalic.ttf in Resources */,
				D057CCCB20BDCCAF00C1F9F2 /* Assets.xcassets in Resources */,
				D0BE519520C6D8180072EEA9 /* OneWayRoundView.xib in Resources */,
				D018C4DA20C61E1500DD91C3 /* roboto_thinitalic.ttf in Resources */,
				D018C4DC20C61E1500DD91C3 /* roboto_black.ttf in Resources */,
				D018C4E220C61E1500DD91C3 /* roboto_lightitalic.ttf in Resources */,
				D018C4D920C61E1500DD91C3 /* roboto_medium.ttf in Resources */,
				D057CCC620BDCCAD00C1F9F2 /* Main.storyboard in Resources */,
			);
			runOnlyForDeploymentPostprocessing = 0;
		};
/* End PBXResourcesBuildPhase section */

/* Begin PBXShellScriptBuildPhase section */
		C1E0B665E3BC773FD81BEB00 /* [CP] Check Pods Manifest.lock */ = {
			isa = PBXShellScriptBuildPhase;
			buildActionMask = 2147483647;
			files = (
			);
			inputPaths = (
				"${PODS_PODFILE_DIR_PATH}/Podfile.lock",
				"${PODS_ROOT}/Manifest.lock",
			);
			name = "[CP] Check Pods Manifest.lock";
			outputPaths = (
				"$(DERIVED_FILE_DIR)/Pods-LDA-checkManifestLockResult.txt",
			);
			runOnlyForDeploymentPostprocessing = 0;
			shellPath = /bin/sh;
			shellScript = "diff \"${PODS_PODFILE_DIR_PATH}/Podfile.lock\" \"${PODS_ROOT}/Manifest.lock\" > /dev/null\nif [ $? != 0 ] ; then\n    # print error to STDERR\n    echo \"error: The sandbox is not in sync with the Podfile.lock. Run 'pod install' or update your CocoaPods installation.\" >&2\n    exit 1\nfi\n# This output is used by Xcode 'outputs' to avoid re-running this script phase.\necho \"SUCCESS\" > \"${SCRIPT_OUTPUT_FILE_0}\"\n";
			showEnvVarsInLog = 0;
		};
/* End PBXShellScriptBuildPhase section */

/* Begin PBXSourcesBuildPhase section */
		D057CCB720BDCCAD00C1F9F2 /* Sources */ = {
			isa = PBXSourcesBuildPhase;
			buildActionMask = 2147483647;
			files = (
				D057CCC920BDCCAD00C1F9F2 /* LDA.xcdatamodeld in Sources */,
				D018C4B320C61D1800DD91C3 /* BaseViewController.m in Sources */,
				D0BE519320C6D8060072EEA9 /* OneWayRoundView.m in Sources */,
				D057CCD120BDCCAF00C1F9F2 /* main.m in Sources */,
				D018C4B420C61D1800DD91C3 /* HomeViewController.m in Sources */,
				D057CCC020BDCCAD00C1F9F2 /* AppDelegate.m in Sources */,
			);
			runOnlyForDeploymentPostprocessing = 0;
		};
/* End PBXSourcesBuildPhase section */

/* Begin PBXVariantGroup section */
		D057CCC420BDCCAD00C1F9F2 /* Main.storyboard */ = {
			isa = PBXVariantGroup;
			children = (
				D057CCC520BDCCAD00C1F9F2 /* Base */,
			);
			name = Main.storyboard;
			sourceTree = "<group>";
		};
		D057CCCC20BDCCAF00C1F9F2 /* LaunchScreen.storyboard */ = {
			isa = PBXVariantGroup;
			children = (
				D057CCCD20BDCCAF00C1F9F2 /* Base */,
			);
			name = LaunchScreen.storyboard;
			sourceTree = "<group>";
		};
/* End PBXVariantGroup section */

/* Begin XCBuildConfiguration section */
		D057CCD220BDCCAF00C1F9F2 /* Debug */ = {
			isa = XCBuildConfiguration;
			buildSettings = {
				ALWAYS_SEARCH_USER_PATHS = NO;
				CLANG_ANALYZER_NONNULL = YES;
				CLANG_ANALYZER_NUMBER_OBJECT_CONVERSION = YES_AGGRESSIVE;
				CLANG_CXX_LANGUAGE_STANDARD = "gnu++14";
				CLANG_CXX_LIBRARY = "libc++";
				CLANG_ENABLE_MODULES = YES;
				CLANG_ENABLE_OBJC_ARC = YES;
				CLANG_ENABLE_OBJC_WEAK = YES;
				CLANG_WARN_BLOCK_CAPTURE_AUTORELEASING = YES;
				CLANG_WARN_BOOL_CONVERSION = YES;
				CLANG_WARN_COMMA = YES;
				CLANG_WARN_CONSTANT_CONVERSION = YES;
				CLANG_WARN_DEPRECATED_OBJC_IMPLEMENTATIONS = YES;
				CLANG_WARN_DIRECT_OBJC_ISA_USAGE = YES_ERROR;
				CLANG_WARN_DOCUMENTATION_COMMENTS = YES;
				CLANG_WARN_EMPTY_BODY = YES;
				CLANG_WARN_ENUM_CONVERSION = YES;
				CLANG_WARN_INFINITE_RECURSION = YES;
				CLANG_WARN_INT_CONVERSION = YES;
				CLANG_WARN_NON_LITERAL_NULL_CONVERSION = YES;
				CLANG_WARN_OBJC_IMPLICIT_RETAIN_SELF = YES;
				CLANG_WARN_OBJC_LITERAL_CONVERSION = YES;
				CLANG_WARN_OBJC_ROOT_CLASS = YES_ERROR;
				CLANG_WARN_RANGE_LOOP_ANALYSIS = YES;
				CLANG_WARN_STRICT_PROTOTYPES = YES;
				CLANG_WARN_SUSPICIOUS_MOVE = YES;
				CLANG_WARN_UNGUARDED_AVAILABILITY = YES_AGGRESSIVE;
				CLANG_WARN_UNREACHABLE_CODE = YES;
				CLANG_WARN__DUPLICATE_METHOD_MATCH = YES;
				CODE_SIGN_IDENTITY = "iPhone Developer";
				COPY_PHASE_STRIP = NO;
				DEBUG_INFORMATION_FORMAT = dwarf;
				ENABLE_STRICT_OBJC_MSGSEND = YES;
				ENABLE_TESTABILITY = YES;
				GCC_C_LANGUAGE_STANDARD = gnu11;
				GCC_DYNAMIC_NO_PIC = NO;
				GCC_NO_COMMON_BLOCKS = YES;
				GCC_OPTIMIZATION_LEVEL = 0;
				GCC_PREPROCESSOR_DEFINITIONS = (
					"DEBUG=1",
					"$(inherited)",
				);
				GCC_WARN_64_TO_32_BIT_CONVERSION = YES;
				GCC_WARN_ABOUT_RETURN_TYPE = YES_ERROR;
				GCC_WARN_UNDECLARED_SELECTOR = YES;
				GCC_WARN_UNINITIALIZED_AUTOS = YES_AGGRESSIVE;
				GCC_WARN_UNUSED_FUNCTION = YES;
				GCC_WARN_UNUSED_VARIABLE = YES;
				IPHONEOS_DEPLOYMENT_TARGET = 11.3;
				MTL_ENABLE_DEBUG_INFO = YES;
				ONLY_ACTIVE_ARCH = YES;
				SDKROOT = iphoneos;
			};
			name = Debug;
		};
		D057CCD320BDCCAF00C1F9F2 /* Release */ = {
			isa = XCBuildConfiguration;
			buildSettings = {
				ALWAYS_SEARCH_USER_PATHS = NO;
				CLANG_ANALYZER_NONNULL = YES;
				CLANG_ANALYZER_NUMBER_OBJECT_CONVERSION = YES_AGGRESSIVE;
				CLANG_CXX_LANGUAGE_STANDARD = "gnu++14";
				CLANG_CXX_LIBRARY = "libc++";
				CLANG_ENABLE_MODULES = YES;
				CLANG_ENABLE_OBJC_ARC = YES;
				CLANG_ENABLE_OBJC_WEAK = YES;
				CLANG_WARN_BLOCK_CAPTURE_AUTORELEASING = YES;
				CLANG_WARN_BOOL_CONVERSION = YES;
				CLANG_WARN_COMMA = YES;
				CLANG_WARN_CONSTANT_CONVERSION = YES;
				CLANG_WARN_DEPRECATED_OBJC_IMPLEMENTATIONS = YES;
				CLANG_WARN_DIRECT_OBJC_ISA_USAGE = YES_ERROR;
				CLANG_WARN_DOCUMENTATION_COMMENTS = YES;
				CLANG_WARN_EMPTY_BODY = YES;
				CLANG_WARN_ENUM_CONVERSION = YES;
				CLANG_WARN_INFINITE_RECURSION = YES;
				CLANG_WARN_INT_CONVERSION = YES;
				CLANG_WARN_NON_LITERAL_NULL_CONVERSION = YES;
				CLANG_WARN_OBJC_IMPLICIT_RETAIN_SELF = YES;
				CLANG_WARN_OBJC_LITERAL_CONVERSION = YES;
				CLANG_WARN_OBJC_ROOT_CLASS = YES_ERROR;
				CLANG_WARN_RANGE_LOOP_ANALYSIS = YES;
				CLANG_WARN_STRICT_PROTOTYPES = YES;
				CLANG_WARN_SUSPICIOUS_MOVE = YES;
				CLANG_WARN_UNGUARDED_AVAILABILITY = YES_AGGRESSIVE;
				CLANG_WARN_UNREACHABLE_CODE = YES;
				CLANG_WARN__DUPLICATE_METHOD_MATCH = YES;
				CODE_SIGN_IDENTITY = "iPhone Developer";
				COPY_PHASE_STRIP = NO;
				DEBUG_INFORMATION_FORMAT = "dwarf-with-dsym";
				ENABLE_NS_ASSERTIONS = NO;
				ENABLE_STRICT_OBJC_MSGSEND = YES;
				GCC_C_LANGUAGE_STANDARD = gnu11;
				GCC_NO_COMMON_BLOCKS = YES;
				GCC_WARN_64_TO_32_BIT_CONVERSION = YES;
				GCC_WARN_ABOUT_RETURN_TYPE = YES_ERROR;
				GCC_WARN_UNDECLARED_SELECTOR = YES;
				GCC_WARN_UNINITIALIZED_AUTOS = YES_AGGRESSIVE;
				GCC_WARN_UNUSED_FUNCTION = YES;
				GCC_WARN_UNUSED_VARIABLE = YES;
				IPHONEOS_DEPLOYMENT_TARGET = 11.3;
				MTL_ENABLE_DEBUG_INFO = NO;
				SDKROOT = iphoneos;
				VALIDATE_PRODUCT = YES;
			};
			name = Release;
		};
		D057CCD520BDCCAF00C1F9F2 /* Debug */ = {
			isa = XCBuildConfiguration;
			baseConfigurationReference = 50BF2D547272FFE6B19D7068 /* Pods-LDA.debug.xcconfig */;
			buildSettings = {
				ASSETCATALOG_COMPILER_APPICON_NAME = AppIcon;
				CODE_SIGN_STYLE = Automatic;
				DEVELOPMENT_TEAM = WVYK59KXPF;
				INFOPLIST_FILE = LDA/Info.plist;
				IPHONEOS_DEPLOYMENT_TARGET = 10.0;
				LD_RUNPATH_SEARCH_PATHS = (
					"$(inherited)",
					"@executable_path/Frameworks",
				);
				PRODUCT_BUNDLE_IDENTIFIER = com.lda.ios;
				PRODUCT_NAME = "$(TARGET_NAME)";
				TARGETED_DEVICE_FAMILY = "1,2";
			};
			name = Debug;
		};
		D057CCD620BDCCAF00C1F9F2 /* Release */ = {
			isa = XCBuildConfiguration;
			baseConfigurationReference = 84D2A3CE6B7A5E91E0B3E502 /* Pods-LDA.release.xcconfig */;
			buildSettings = {
				ASSETCATALOG_COMPILER_APPICON_NAME = AppIcon;
				CODE_SIGN_STYLE = Automatic;
				DEVELOPMENT_TEAM = WVYK59KXPF;
				INFOPLIST_FILE = LDA/Info.plist;
				IPHONEOS_DEPLOYMENT_TARGET = 10.0;
				LD_RUNPATH_SEARCH_PATHS = (
					"$(inherited)",
					"@executable_path/Frameworks",
				);
				PRODUCT_BUNDLE_IDENTIFIER = com.lda.ios;
				PRODUCT_NAME = "$(TARGET_NAME)";
				TARGETED_DEVICE_FAMILY = "1,2";
			};
			name = Release;
		};
/* End XCBuildConfiguration section */

/* Begin XCConfigurationList section */
		D057CCB620BDCCAD00C1F9F2 /* Build configuration list for PBXProject "LDA" */ = {
			isa = XCConfigurationList;
			buildConfigurations = (
				D057CCD220BDCCAF00C1F9F2 /* Debug */,
				D057CCD320BDCCAF00C1F9F2 /* Release */,
			);
			defaultConfigurationIsVisible = 0;
			defaultConfigurationName = Release;
		};
		D057CCD420BDCCAF00C1F9F2 /* Build configuration list for PBXNativeTarget "LDA" */ = {
			isa = XCConfigurationList;
			buildConfigurations = (
				D057CCD520BDCCAF00C1F9F2 /* Debug */,
				D057CCD620BDCCAF00C1F9F2 /* Release */,
			);
			defaultConfigurationIsVisible = 0;
			defaultConfigurationName = Release;
		};
/* End XCConfigurationList section */

/* Begin XCVersionGroup section */
		D057CCC720BDCCAD00C1F9F2 /* LDA.xcdatamodeld */ = {
			isa = XCVersionGroup;
			children = (
				D057CCC820BDCCAD00C1F9F2 /* LDA.xcdatamodel */,
			);
			currentVersion = D057CCC820BDCCAD00C1F9F2 /* LDA.xcdatamodel */;
			path = LDA.xcdatamodeld;
			sourceTree = "<group>";
			versionGroupType = wrapper.xcdatamodel;
		};
/* End XCVersionGroup section */
	};
	rootObject = D057CCB320BDCCAD00C1F9F2 /* Project object */;
}
